
Microsoft Visual Studio Solution File, Format Version 12.00
# Visual Studio Version 17
VisualStudioVersion = 17.6.33801.468
MinimumVisualStudioVersion = 10.0.40219.1
Project("{6EC3EE1D-3C4E-46DD-8F32-0CC8E7565705}") = "EssentialFSharpPart1", "EssentialFSharpPart1\EssentialFSharpPart1.fsproj", "{AC18E830-814C-45A7-8ADE-4D27795AAD2E}"
EndProject
Project("{6EC3EE1D-3C4E-46DD-8F32-0CC8E7565705}") = "EssentialFSharpChapter2", "EssentialFSharpChapter2\EssentialFSharpChapter2.fsproj", "{FA808571-17DF-497F-ACDA-242A9FE7FBF8}"
EndProject
Project("{6EC3EE1D-3C4E-46DD-8F32-0CC8E7565705}") = "EssentialFSharpChapter3", "EssentialFSharpChapter3\EssentialFSharpChapter3.fsproj", "{B452C768-D9C2-4711-9CFE-578C2B6C2890}"
EndProject
Project("{F2A71F9B-5D33-465A-A702-920D77279786}") = "EssentialFSharpChapter5", "EssentialFSharpChapter5\EssentialFSharpChapter5.fsproj", "{9CFB44D1-20C6-46AF-B98E-17C735119C3A}"
EndProject
Global
	GlobalSection(SolutionConfigurationPlatforms) = preSolution
		Debug|Any CPU = Debug|Any CPU
		Release|Any CPU = Release|Any CPU
	EndGlobalSection
	GlobalSection(ProjectConfigurationPlatforms) = postSolution
		{AC18E830-814C-45A7-8ADE-4D27795AAD2E}.Debug|Any CPU.ActiveCfg = Debug|Any CPU
		{AC18E830-814C-45A7-8ADE-4D27795AAD2E}.Debug|Any CPU.Build.0 = Debug|Any CPU
		{AC18E830-814C-45A7-8ADE-4D27795AAD2E}.Release|Any CPU.ActiveCfg = Release|Any CPU
		{AC18E830-814C-45A7-8ADE-4D27795AAD2E}.Release|Any CPU.Build.0 = Release|Any CPU
		{FA808571-17DF-497F-ACDA-242A9FE7FBF8}.Debug|Any CPU.ActiveCfg = Debug|Any CPU
		{FA808571-17DF-497F-ACDA-242A9FE7FBF8}.Debug|Any CPU.Build.0 = Debug|Any CPU
		{FA808571-17DF-497F-ACDA-242A9FE7FBF8}.Release|Any CPU.ActiveCfg = Release|Any CPU
		{FA808571-17DF-497F-ACDA-242A9FE7FBF8}.Release|Any CPU.Build.0 = Release|Any CPU
		{B452C768-D9C2-4711-9CFE-578C2B6C2890}.Debug|Any CPU.ActiveCfg = Debug|Any CPU
		{B452C768-D9C2-4711-9CFE-578C2B6C2890}.Debug|Any CPU.Build.0 = Debug|Any CPU
		{B452C768-D9C2-4711-9CFE-578C2B6C2890}.Release|Any CPU.ActiveCfg = Release|Any CPU
		{B452C768-D9C2-4711-9CFE-578C2B6C2890}.Release|Any CPU.Build.0 = Release|Any CPU
		{9CFB44D1-20C6-46AF-B98E-17C735119C3A}.Debug|Any CPU.ActiveCfg = Debug|Any CPU
		{9CFB44D1-20C6-46AF-B98E-17C735119C3A}.Debug|Any CPU.Build.0 = Debug|Any CPU
		{9CFB44D1-20C6-46AF-B98E-17C735119C3A}.Release|Any CPU.ActiveCfg = Release|Any CPU
		{9CFB44D1-20C6-46AF-B98E-17C735119C3A}.Release|Any CPU.Build.0 = Release|Any CPU
	EndGlobalSection
	GlobalSection(SolutionProperties) = preSolution
		HideSolutionNode = FALSE
	EndGlobalSection
	GlobalSection(ExtensibilityGlobals) = postSolution
		SolutionGuid = {8A259245-80A3-4295-88C3-1E0FA23977C1}
	EndGlobalSection
EndGlobal
