
Microsoft Visual Studio Solution File, Format Version 12.00
# Visual Studio Version 17
VisualStudioVersion = 17.5.33530.505
MinimumVisualStudioVersion = 10.0.40219.1
Project("{6EC3EE1D-3C4E-46DD-8F32-0CC8E7565705}") = "TheBookOfFSharp", "TheBookOfFSharp\TheBookOfFSharp.fsproj", "{EAAE0AD7-24A1-48E2-A923-BB19A3A5E061}"
EndProject
Project("{6EC3EE1D-3C4E-46DD-8F32-0CC8E7565705}") = "UseBinding", "UseBinding\UseBinding.fsproj", "{8D2293E1-AF45-4C5E-8E32-28FB300B44F6}"
EndProject
Project("{6EC3EE1D-3C4E-46DD-8F32-0CC8E7565705}") = "NumericConversions", "NumericConversions\NumericConversions.fsproj", "{0E6FB65D-E86C-4F08-876F-F006F70CC21D}"
EndProject
Project("{6EC3EE1D-3C4E-46DD-8F32-0CC8E7565705}") = "OptionsOptionalParameters", "OptionsOptionalParameters\OptionsOptionalParameters.fsproj", "{87D2857C-86D1-4F42-B310-DC43A7D1458A}"
EndProject
Project("{6EC3EE1D-3C4E-46DD-8F32-0CC8E7565705}") = "Enums", "Enums\Enums.fsproj", "{08473529-B263-4B4F-B2C7-B9B30E222DC3}"
EndProject
Project("{6EC3EE1D-3C4E-46DD-8F32-0CC8E7565705}") = "Loops", "Loops\Loops.fsproj", "{566892B3-0C78-468D-9B5E-9B2565A68945}"
EndProject
Project("{6EC3EE1D-3C4E-46DD-8F32-0CC8E7565705}") = "Branching", "Branching\Branching.fsproj", "{BE38F0E3-A3E5-4615-B9F4-A87188A1438B}"
EndProject
Project("{F2A71F9B-5D33-465A-A702-920D77279786}") = "Exceptions", "Exceptions\Exceptions.fsproj", "{BA1611A9-88BA-453C-9CCF-E8209A9EF909}"
EndProject
Global
	GlobalSection(SolutionConfigurationPlatforms) = preSolution
		Debug|Any CPU = Debug|Any CPU
		Release|Any CPU = Release|Any CPU
	EndGlobalSection
	GlobalSection(ProjectConfigurationPlatforms) = postSolution
		{EAAE0AD7-24A1-48E2-A923-BB19A3A5E061}.Debug|Any CPU.ActiveCfg = Debug|Any CPU
		{EAAE0AD7-24A1-48E2-A923-BB19A3A5E061}.Debug|Any CPU.Build.0 = Debug|Any CPU
		{EAAE0AD7-24A1-48E2-A923-BB19A3A5E061}.Release|Any CPU.ActiveCfg = Release|Any CPU
		{EAAE0AD7-24A1-48E2-A923-BB19A3A5E061}.Release|Any CPU.Build.0 = Release|Any CPU
		{8D2293E1-AF45-4C5E-8E32-28FB300B44F6}.Debug|Any CPU.ActiveCfg = Debug|Any CPU
		{8D2293E1-AF45-4C5E-8E32-28FB300B44F6}.Debug|Any CPU.Build.0 = Debug|Any CPU
		{8D2293E1-AF45-4C5E-8E32-28FB300B44F6}.Release|Any CPU.ActiveCfg = Release|Any CPU
		{8D2293E1-AF45-4C5E-8E32-28FB300B44F6}.Release|Any CPU.Build.0 = Release|Any CPU
		{0E6FB65D-E86C-4F08-876F-F006F70CC21D}.Debug|Any CPU.ActiveCfg = Debug|Any CPU
		{0E6FB65D-E86C-4F08-876F-F006F70CC21D}.Debug|Any CPU.Build.0 = Debug|Any CPU
		{0E6FB65D-E86C-4F08-876F-F006F70CC21D}.Release|Any CPU.ActiveCfg = Release|Any CPU
		{0E6FB65D-E86C-4F08-876F-F006F70CC21D}.Release|Any CPU.Build.0 = Release|Any CPU
		{87D2857C-86D1-4F42-B310-DC43A7D1458A}.Debug|Any CPU.ActiveCfg = Debug|Any CPU
		{87D2857C-86D1-4F42-B310-DC43A7D1458A}.Debug|Any CPU.Build.0 = Debug|Any CPU
		{87D2857C-86D1-4F42-B310-DC43A7D1458A}.Release|Any CPU.ActiveCfg = Release|Any CPU
		{87D2857C-86D1-4F42-B310-DC43A7D1458A}.Release|Any CPU.Build.0 = Release|Any CPU
		{08473529-B263-4B4F-B2C7-B9B30E222DC3}.Debug|Any CPU.ActiveCfg = Debug|Any CPU
		{08473529-B263-4B4F-B2C7-B9B30E222DC3}.Debug|Any CPU.Build.0 = Debug|Any CPU
		{08473529-B263-4B4F-B2C7-B9B30E222DC3}.Release|Any CPU.ActiveCfg = Release|Any CPU
		{08473529-B263-4B4F-B2C7-B9B30E222DC3}.Release|Any CPU.Build.0 = Release|Any CPU
		{566892B3-0C78-468D-9B5E-9B2565A68945}.Debug|Any CPU.ActiveCfg = Debug|Any CPU
		{566892B3-0C78-468D-9B5E-9B2565A68945}.Debug|Any CPU.Build.0 = Debug|Any CPU
		{566892B3-0C78-468D-9B5E-9B2565A68945}.Release|Any CPU.ActiveCfg = Release|Any CPU
		{566892B3-0C78-468D-9B5E-9B2565A68945}.Release|Any CPU.Build.0 = Release|Any CPU
		{BE38F0E3-A3E5-4615-B9F4-A87188A1438B}.Debug|Any CPU.ActiveCfg = Debug|Any CPU
		{BE38F0E3-A3E5-4615-B9F4-A87188A1438B}.Debug|Any CPU.Build.0 = Debug|Any CPU
		{BE38F0E3-A3E5-4615-B9F4-A87188A1438B}.Release|Any CPU.ActiveCfg = Release|Any CPU
		{BE38F0E3-A3E5-4615-B9F4-A87188A1438B}.Release|Any CPU.Build.0 = Release|Any CPU
		{BA1611A9-88BA-453C-9CCF-E8209A9EF909}.Debug|Any CPU.ActiveCfg = Debug|Any CPU
		{BA1611A9-88BA-453C-9CCF-E8209A9EF909}.Debug|Any CPU.Build.0 = Debug|Any CPU
		{BA1611A9-88BA-453C-9CCF-E8209A9EF909}.Release|Any CPU.ActiveCfg = Release|Any CPU
		{BA1611A9-88BA-453C-9CCF-E8209A9EF909}.Release|Any CPU.Build.0 = Release|Any CPU
	EndGlobalSection
	GlobalSection(SolutionProperties) = preSolution
		HideSolutionNode = FALSE
	EndGlobalSection
	GlobalSection(ExtensibilityGlobals) = postSolution
		SolutionGuid = {06D52F7C-70E1-4151-A26E-9567B928040A}
	EndGlobalSection
EndGlobal
